
Microsoft Visual Studio Solution File, Format Version 12.00
# Visual Studio 15
VisualStudioVersion = 15.0.28307.106
MinimumVisualStudioVersion = 10.0.40219.1
Project("{9A19103F-16F7-4668-BE54-9A1E7A4F7556}") = "plustminus", "plustminus\plustminus.csproj", "{0CE879CC-205C-40C7-A8F9-C72C264C4A8D}"
EndProject
Project("{9A19103F-16F7-4668-BE54-9A1E7A4F7556}") = "Staircase", "Staircase\Staircase.csproj", "{03068F37-EFD2-4DBC-B6DB-82804444527B}"
EndProject
Project("{9A19103F-16F7-4668-BE54-9A1E7A4F7556}") = "MiniMaxSum", "MiniMaxSum\MiniMaxSum.csproj", "{18E2DDC2-814D-4CA6-BFCC-70B72D4FEC4B}"
EndProject
Project("{9A19103F-16F7-4668-BE54-9A1E7A4F7556}") = "BirthdayCakeCandles", "BirthdayCakeCandles\BirthdayCakeCandles.csproj", "{0D3F8EBE-D31F-4649-8E29-6F3E96FFEF50}"
EndProject
Project("{9A19103F-16F7-4668-BE54-9A1E7A4F7556}") = "TimeConversion", "TimeConversion\TimeConversion.csproj", "{C44D40CC-9031-4D5C-B140-D6142C573DB6}"
EndProject
Project("{9A19103F-16F7-4668-BE54-9A1E7A4F7556}") = "GradingStudents", "GradingStudents\GradingStudents.csproj", "{9250C88D-EDF3-48D3-B6AC-17F4A7F990EA}"
EndProject
Project("{FAE04EC0-301F-11D3-BF4B-00C04F79EFBC}") = "Pairs", "Pairs\Pairs.csproj", "{9ABDEDDE-34EF-4CB5-B174-C6E2F4AACB2C}"
EndProject
Global
	GlobalSection(SolutionConfigurationPlatforms) = preSolution
		Debug|Any CPU = Debug|Any CPU
		Release|Any CPU = Release|Any CPU
	EndGlobalSection
	GlobalSection(ProjectConfigurationPlatforms) = postSolution
		{0CE879CC-205C-40C7-A8F9-C72C264C4A8D}.Debug|Any CPU.ActiveCfg = Debug|Any CPU
		{0CE879CC-205C-40C7-A8F9-C72C264C4A8D}.Debug|Any CPU.Build.0 = Debug|Any CPU
		{0CE879CC-205C-40C7-A8F9-C72C264C4A8D}.Release|Any CPU.ActiveCfg = Release|Any CPU
		{0CE879CC-205C-40C7-A8F9-C72C264C4A8D}.Release|Any CPU.Build.0 = Release|Any CPU
		{03068F37-EFD2-4DBC-B6DB-82804444527B}.Debug|Any CPU.ActiveCfg = Debug|Any CPU
		{03068F37-EFD2-4DBC-B6DB-82804444527B}.Debug|Any CPU.Build.0 = Debug|Any CPU
		{03068F37-EFD2-4DBC-B6DB-82804444527B}.Release|Any CPU.ActiveCfg = Release|Any CPU
		{03068F37-EFD2-4DBC-B6DB-82804444527B}.Release|Any CPU.Build.0 = Release|Any CPU
		{18E2DDC2-814D-4CA6-BFCC-70B72D4FEC4B}.Debug|Any CPU.ActiveCfg = Debug|Any CPU
		{18E2DDC2-814D-4CA6-BFCC-70B72D4FEC4B}.Debug|Any CPU.Build.0 = Debug|Any CPU
		{18E2DDC2-814D-4CA6-BFCC-70B72D4FEC4B}.Release|Any CPU.ActiveCfg = Release|Any CPU
		{18E2DDC2-814D-4CA6-BFCC-70B72D4FEC4B}.Release|Any CPU.Build.0 = Release|Any CPU
		{0D3F8EBE-D31F-4649-8E29-6F3E96FFEF50}.Debug|Any CPU.ActiveCfg = Debug|Any CPU
		{0D3F8EBE-D31F-4649-8E29-6F3E96FFEF50}.Debug|Any CPU.Build.0 = Debug|Any CPU
		{0D3F8EBE-D31F-4649-8E29-6F3E96FFEF50}.Release|Any CPU.ActiveCfg = Release|Any CPU
		{0D3F8EBE-D31F-4649-8E29-6F3E96FFEF50}.Release|Any CPU.Build.0 = Release|Any CPU
		{C44D40CC-9031-4D5C-B140-D6142C573DB6}.Debug|Any CPU.ActiveCfg = Debug|Any CPU
		{C44D40CC-9031-4D5C-B140-D6142C573DB6}.Debug|Any CPU.Build.0 = Debug|Any CPU
		{C44D40CC-9031-4D5C-B140-D6142C573DB6}.Release|Any CPU.ActiveCfg = Release|Any CPU
		{C44D40CC-9031-4D5C-B140-D6142C573DB6}.Release|Any CPU.Build.0 = Release|Any CPU
		{9250C88D-EDF3-48D3-B6AC-17F4A7F990EA}.Debug|Any CPU.ActiveCfg = Debug|Any CPU
		{9250C88D-EDF3-48D3-B6AC-17F4A7F990EA}.Debug|Any CPU.Build.0 = Debug|Any CPU
		{9250C88D-EDF3-48D3-B6AC-17F4A7F990EA}.Release|Any CPU.ActiveCfg = Release|Any CPU
		{9250C88D-EDF3-48D3-B6AC-17F4A7F990EA}.Release|Any CPU.Build.0 = Release|Any CPU
		{9ABDEDDE-34EF-4CB5-B174-C6E2F4AACB2C}.Debug|Any CPU.ActiveCfg = Debug|Any CPU
		{9ABDEDDE-34EF-4CB5-B174-C6E2F4AACB2C}.Debug|Any CPU.Build.0 = Debug|Any CPU
		{9ABDEDDE-34EF-4CB5-B174-C6E2F4AACB2C}.Release|Any CPU.ActiveCfg = Release|Any CPU
		{9ABDEDDE-34EF-4CB5-B174-C6E2F4AACB2C}.Release|Any CPU.Build.0 = Release|Any CPU
	EndGlobalSection
	GlobalSection(SolutionProperties) = preSolution
		HideSolutionNode = FALSE
	EndGlobalSection
	GlobalSection(ExtensibilityGlobals) = postSolution
		SolutionGuid = {862A7576-93DF-4214-8944-1B5B34CEA204}
	EndGlobalSection
EndGlobal
